
Microsoft Visual Studio Solution File, Format Version 12.00
# Visual Studio Version 16
VisualStudioVersion = 16.0.30420.98
MinimumVisualStudioVersion = 10.0.40219.1
Project("{8BC9CEB8-8B4A-11D0-8D11-00A0C91BC942}") = "NativeHost", "NativeHost.vcxproj", "{980E4AA7-FB6D-4D3B-9907-56A42A306A6C}"
	ProjectSection(ProjectDependencies) = postProject
		{FE7AE144-0444-4814-A6C7-0A68E013D65D} = {FE7AE144-0444-4814-A6C7-0A68E013D65D}
	EndProjectSection
EndProject
Project("{8BC9CEB8-8B4A-11D0-8D11-00A0C91BC942}") = "Test", "..\Test\Test.vcxproj", "{CAE2DA9A-1B32-4CC8-8288-FE3DD90CB84C}"
	ProjectSection(ProjectDependencies) = postProject
		{980E4AA7-FB6D-4D3B-9907-56A42A306A6C} = {980E4AA7-FB6D-4D3B-9907-56A42A306A6C}
	EndProjectSection
EndProject
Project("{8BC9CEB8-8B4A-11D0-8D11-00A0C91BC942}") = "glfw", "src\vendor\glfw\glfw.vcxproj", "{FE7AE144-0444-4814-A6C7-0A68E013D65D}"
EndProject
Global
	GlobalSection(SolutionConfigurationPlatforms) = preSolution
		Debug|x64 = Debug|x64
		Debug|x86 = Debug|x86
		Release|x64 = Release|x64
		Release|x86 = Release|x86
	EndGlobalSection
	GlobalSection(ProjectConfigurationPlatforms) = postSolution
		{980E4AA7-FB6D-4D3B-9907-56A42A306A6C}.Debug|x64.ActiveCfg = Debug|x64
		{980E4AA7-FB6D-4D3B-9907-56A42A306A6C}.Debug|x64.Build.0 = Debug|x64
		{980E4AA7-FB6D-4D3B-9907-56A42A306A6C}.Debug|x86.ActiveCfg = Debug|Win32
		{980E4AA7-FB6D-4D3B-9907-56A42A306A6C}.Debug|x86.Build.0 = Debug|Win32
		{980E4AA7-FB6D-4D3B-9907-56A42A306A6C}.Release|x64.ActiveCfg = Release|x64
		{980E4AA7-FB6D-4D3B-9907-56A42A306A6C}.Release|x64.Build.0 = Release|x64
		{980E4AA7-FB6D-4D3B-9907-56A42A306A6C}.Release|x86.ActiveCfg = Release|Win32
		{980E4AA7-FB6D-4D3B-9907-56A42A306A6C}.Release|x86.Build.0 = Release|Win32
		{CAE2DA9A-1B32-4CC8-8288-FE3DD90CB84C}.Debug|x64.ActiveCfg = Debug|x64
		{CAE2DA9A-1B32-4CC8-8288-FE3DD90CB84C}.Debug|x64.Build.0 = Debug|x64
		{CAE2DA9A-1B32-4CC8-8288-FE3DD90CB84C}.Debug|x86.ActiveCfg = Debug|Win32
		{CAE2DA9A-1B32-4CC8-8288-FE3DD90CB84C}.Debug|x86.Build.0 = Debug|Win32
		{CAE2DA9A-1B32-4CC8-8288-FE3DD90CB84C}.Release|x64.ActiveCfg = Release|x64
		{CAE2DA9A-1B32-4CC8-8288-FE3DD90CB84C}.Release|x64.Build.0 = Release|x64
		{CAE2DA9A-1B32-4CC8-8288-FE3DD90CB84C}.Release|x86.ActiveCfg = Release|Win32
		{CAE2DA9A-1B32-4CC8-8288-FE3DD90CB84C}.Release|x86.Build.0 = Release|Win32
		{FE7AE144-0444-4814-A6C7-0A68E013D65D}.Debug|x64.ActiveCfg = Debug|x64
		{FE7AE144-0444-4814-A6C7-0A68E013D65D}.Debug|x64.Build.0 = Debug|x64
		{FE7AE144-0444-4814-A6C7-0A68E013D65D}.Debug|x86.ActiveCfg = Debug|Win32
		{FE7AE144-0444-4814-A6C7-0A68E013D65D}.Debug|x86.Build.0 = Debug|Win32
		{FE7AE144-0444-4814-A6C7-0A68E013D65D}.Release|x64.ActiveCfg = Release|x64
		{FE7AE144-0444-4814-A6C7-0A68E013D65D}.Release|x64.Build.0 = Release|x64
		{FE7AE144-0444-4814-A6C7-0A68E013D65D}.Release|x86.ActiveCfg = Release|Win32
		{FE7AE144-0444-4814-A6C7-0A68E013D65D}.Release|x86.Build.0 = Release|Win32
	EndGlobalSection
	GlobalSection(SolutionProperties) = preSolution
		HideSolutionNode = FALSE
	EndGlobalSection
	GlobalSection(ExtensibilityGlobals) = postSolution
		SolutionGuid = {A2D4A78B-3AB7-4E80-998B-4DD2A70199BA}
	EndGlobalSection
EndGlobal
